{
  "name": "yelpclone-main",
  "lockfileVersion": 3,
  "requires": true,
  "packages": {
    "": {
      "dependencies": {
        "joy": "^0.1.1"
      }
    },
    "node_modules/joy": {
      "version": "0.1.1",
      "resolved": "https://registry.npmjs.org/joy/-/joy-0.1.1.tgz",
      "integrity": "sha512-WaLP/th9h/2MNmWybHuImd40Ilo8zfpHe9NdcaHhuq9vX+RSKBEHw6HOC3WFmgcWTsN4gvpZTxmEEKXZbDLFdA=="
    }
  }
}
